[[package]]
name = "blinker"
version = "1.4"
description = "Fast, simple object-to-object and broadcast signaling"
category = "main"
optional = false
python-versions = "*"

[[package]]
name = "docutils"
version = "0.15"
description = "Docutils -- Python Documentation Utilities"
category = "main"
optional = false
python-versions = "*"

[[package]]
name = "feedgenerator"
version = "1.9.1"
description = "Standalone version of django.utils.feedgenerator"
category = "main"
optional = false
python-versions = "*"

[package.dependencies]
pytz = ">=0a"
six = "*"

[[package]]
name = "jinja2"
version = "2.10.3"
description = "A very fast and expressive template engine."
category = "main"
optional = false
python-versions = "*"

[package.dependencies]
MarkupSafe = ">=0.23"

[package.extras]
i18n = ["Babel (>=0.8)"]

[[package]]
name = "markupsafe"
version = "1.0"
description = "Implements a XML/HTML/XHTML Markup safe string for Python"
category = "main"
optional = false
python-versions = "*"

[[package]]
name = "pelican"
version = "4.2.0"
description = "Static site generator supporting reStructuredText and Markdown source content."
category = "main"
optional = false
python-versions = "*"

[package.dependencies]
blinker = "*"
docutils = "*"
feedgenerator = ">=1.9"
jinja2 = ">=2.7"
pygments = "*"
python-dateutil = "*"
pytz = ">=0a"
six = ">=1.4"
unidecode = "*"

[package.extras]
markdown = ["markdown (>=3.1.1,<3.2.0)"]

[[package]]
name = "pygments"
version = "2.3.1"
description = "Pygments is a syntax highlighting package written in Python."
category = "main"
optional = false
python-versions = "*"

[[package]]
name = "pyinotify"
version = "0.9.6"
description = "Linux filesystem events monitoring"
category = "dev"
optional = false
python-versions = "*"

[[package]]
name = "python-dateutil"
version = "2.6.1"
description = "Extensions to the standard Python datetime module"
category = "main"
optional = false
python-versions = "*"

[package.dependencies]
six = ">=1.5"

[[package]]
name = "pytz"
version = "2021.1"
description = "World timezone definitions, modern and historical"
category = "main"
optional = false
python-versions = "*"

[[package]]
name = "six"
version = "1.11.0"
description = "Python 2 and 3 compatibility utilities"
category = "main"
optional = false
python-versions = "*"

[[package]]
name = "unidecode"
version = "1.0.23"
description = "ASCII transliterations of Unicode text"
category = "main"
optional = false
python-versions = "*"

[metadata]
lock-version = "1.1"
python-versions = "^3"
content-hash = "3ffec1aa8639919944d1dac79eb80ed7dc4a24fa6cbae1f9b2aa02753d02382b"

[metadata.files]
blinker = [
    {file = "blinker-1.4.tar.gz", hash = "sha256:471aee25f3992bd325afa3772f1063dbdbbca947a041b8b89466dc00d606f8b6"},
]
docutils = [
    {file = "docutils-0.15-py3-none-any.whl", hash = "sha256:d2ddba74835cb090a1b627d3de4e7835c628d07ee461f7b4480f51af2fe4d448"},
    {file = "docutils-0.15.post1-py2-none-any.whl", hash = "sha256:ba4584f9107571ced0d2c7f56a5499c696215ba90797849c92d395979da68521"},
    {file = "docutils-0.15.tar.gz", hash = "sha256:54a349c622ff31c91cbec43b0b512f113b5b24daf00e2ea530bb1bd9aac14849"},
]
feedgenerator = [
    {file = "feedgenerator-1.9.1-py3-none-any.whl", hash = "sha256:a81d240a2c74a2ae80c393cfe374aff1a19ed3fe41a488eacc66edbe46d3f422"},
    {file = "feedgenerator-1.9.1.tar.gz", hash = "sha256:a28a5add781509390d1a6a52d017829853ee4bef1d2e7b4d5da0e9d1b395ce54"},
]
jinja2 = [
    {file = "Jinja2-2.10.3-py2.py3-none-any.whl", hash = "sha256:74320bb91f31270f9551d46522e33af46a80c3d619f4a4bf42b3164d30b5911f"},
    {file = "Jinja2-2.10.3.tar.gz", hash = "sha256:9fe95f19286cfefaa917656583d020be14e7859c6b0252588391e47db34527de"},
]
markupsafe = [
    {file = "MarkupSafe-1.0.tar.gz", hash = "sha256:a6be69091dac236ea9c6bc7d012beab42010fa914c459791d627dad4910eb665"},
]
pelican = [
    {file = "pelican-4.2.0-py2.py3-none-any.whl", hash = "sha256:656d8ff9f778951f4e317c9e6530e92b02698c5961ebf019c583775a30f857f6"},
    {file = "pelican-4.2.0.tar.gz", hash = "sha256:be7ea9a09311374322b5579c88975ae003409e40c833e761780a0d0dbd84e756"},
]
pygments = [
    {file = "Pygments-2.3.1-py2.py3-none-any.whl", hash = "sha256:e8218dd399a61674745138520d0d4cf2621d7e032439341bc3f647bff125818d"},
    {file = "Pygments-2.3.1.tar.gz", hash = "sha256:5ffada19f6203563680669ee7f53b64dabbeb100eb51b61996085e99c03b284a"},
]
pyinotify = [
    {file = "pyinotify-0.9.6.tar.gz", hash = "sha256:9c998a5d7606ca835065cdabc013ae6c66eb9ea76a00a1e3bc6e0cfe2b4f71f4"},
]
python-dateutil = [
    {file = "python-dateutil-2.6.1.tar.gz", hash = "sha256:891c38b2a02f5bb1be3e4793866c8df49c7d19baabf9c1bad62547e0b4866aca"},
    {file = "python_dateutil-2.6.1-py2.py3-none-any.whl", hash = "sha256:95511bae634d69bc7329ba55e646499a842bc4ec342ad54a8cdb65645a0aad3c"},
]
pytz = [
    {file = "pytz-2021.1-py2.py3-none-any.whl", hash = "sha256:eb10ce3e7736052ed3623d49975ce333bcd712c7bb19a58b9e2089d4057d0798"},
    {file = "pytz-2021.1.tar.gz", hash = "sha256:83a4a90894bf38e243cf052c8b58f381bfe9a7a483f6a9cab140bc7f702ac4da"},
]
six = [
    {file = "six-1.11.0-py2.py3-none-any.whl", hash = "sha256:832dc0e10feb1aa2c68dcc57dbb658f1c7e65b9b61af69048abc87a2db00a0eb"},
    {file = "six-1.11.0.tar.gz", hash = "sha256:70e8a77beed4562e7f14fe23a786b54f6296e34344c23bc42f07b15018ff98e9"},
]
unidecode = [
    {file = "Unidecode-1.0.23-py2.py3-none-any.whl", hash = "sha256:092cdf7ad9d1052c50313426a625b717dab52f7ac58f859e09ea020953b1ad8f"},
    {file = "Unidecode-1.0.23.tar.gz", hash = "sha256:8b85354be8fd0c0e10adbf0675f6dc2310e56fda43fa8fe049123b6c475e52fb"},
]
